
Microsoft Visual Studio Solution File, Format Version 12.00
# Visual Studio Version 17
VisualStudioVersion = 17.8.34511.84
MinimumVisualStudioVersion = 10.0.40219.1
Project("{FAE04EC0-301F-11D3-BF4B-00C04F79EFBC}") = "es-sett-15-g-3", "es-sett-15-g-3\es-sett-15-g-3.csproj", "{9CB50D97-0E3B-42D4-B159-5513864DA2BF}"
EndProject
Global
	GlobalSection(SolutionConfigurationPlatforms) = preSolution
		Debug|Any CPU = Debug|Any CPU
		Release|Any CPU = Release|Any CPU
	EndGlobalSection
	GlobalSection(ProjectConfigurationPlatforms) = postSolution
		{9CB50D97-0E3B-42D4-B159-5513864DA2BF}.Debug|Any CPU.ActiveCfg = Debug|Any CPU
		{9CB50D97-0E3B-42D4-B159-5513864DA2BF}.Debug|Any CPU.Build.0 = Debug|Any CPU
		{9CB50D97-0E3B-42D4-B159-5513864DA2BF}.Release|Any CPU.ActiveCfg = Release|Any CPU
		{9CB50D97-0E3B-42D4-B159-5513864DA2BF}.Release|Any CPU.Build.0 = Release|Any CPU
	EndGlobalSection
	GlobalSection(SolutionProperties) = preSolution
		HideSolutionNode = FALSE
	EndGlobalSection
	GlobalSection(ExtensibilityGlobals) = postSolution
		SolutionGuid = {7F20F163-0BBB-41FC-A753-D4C45DD6377F}
	EndGlobalSection
EndGlobal
